
Microsoft Visual Studio Solution File, Format Version 12.00
# Visual Studio Version 17
VisualStudioVersion = 17.9.34622.214
MinimumVisualStudioVersion = 10.0.40219.1
Project("{9A19103F-16F7-4668-BE54-9A1E7A4F7556}") = "DiyetProgrami.DAL", "DiyetProgrami.DAL\DiyetProgrami.DAL.csproj", "{EE277E2A-5B1A-4AC7-AA11-AA113BF4FA69}"
EndProject
Project("{9A19103F-16F7-4668-BE54-9A1E7A4F7556}") = "DiyetProgrami.BL", "DiyetProgrami.BL\DiyetProgrami.BL.csproj", "{290EB2E8-3D3E-498A-8C75-250DE80727E9}"
EndProject
Project("{FAE04EC0-301F-11D3-BF4B-00C04F79EFBC}") = "DiyetProgrami.PL", "DiyetProgrami.PL\DiyetProgrami.PL.csproj", "{96980919-3213-4AC8-9D9D-167E181DC67C}"
EndProject
Global
	GlobalSection(SolutionConfigurationPlatforms) = preSolution
		Debug|Any CPU = Debug|Any CPU
		Release|Any CPU = Release|Any CPU
	EndGlobalSection
	GlobalSection(ProjectConfigurationPlatforms) = postSolution
		{EE277E2A-5B1A-4AC7-AA11-AA113BF4FA69}.Debug|Any CPU.ActiveCfg = Debug|Any CPU
		{EE277E2A-5B1A-4AC7-AA11-AA113BF4FA69}.Debug|Any CPU.Build.0 = Debug|Any CPU
		{EE277E2A-5B1A-4AC7-AA11-AA113BF4FA69}.Release|Any CPU.ActiveCfg = Release|Any CPU
		{EE277E2A-5B1A-4AC7-AA11-AA113BF4FA69}.Release|Any CPU.Build.0 = Release|Any CPU
		{290EB2E8-3D3E-498A-8C75-250DE80727E9}.Debug|Any CPU.ActiveCfg = Debug|Any CPU
		{290EB2E8-3D3E-498A-8C75-250DE80727E9}.Debug|Any CPU.Build.0 = Debug|Any CPU
		{290EB2E8-3D3E-498A-8C75-250DE80727E9}.Release|Any CPU.ActiveCfg = Release|Any CPU
		{290EB2E8-3D3E-498A-8C75-250DE80727E9}.Release|Any CPU.Build.0 = Release|Any CPU
		{96980919-3213-4AC8-9D9D-167E181DC67C}.Debug|Any CPU.ActiveCfg = Debug|Any CPU
		{96980919-3213-4AC8-9D9D-167E181DC67C}.Debug|Any CPU.Build.0 = Debug|Any CPU
		{96980919-3213-4AC8-9D9D-167E181DC67C}.Release|Any CPU.ActiveCfg = Release|Any CPU
		{96980919-3213-4AC8-9D9D-167E181DC67C}.Release|Any CPU.Build.0 = Release|Any CPU
	EndGlobalSection
	GlobalSection(SolutionProperties) = preSolution
		HideSolutionNode = FALSE
	EndGlobalSection
	GlobalSection(ExtensibilityGlobals) = postSolution
		SolutionGuid = {36F3F519-0394-4097-A934-E6BF5B9BD83F}
	EndGlobalSection
EndGlobal
